
Microsoft Visual Studio Solution File, Format Version 12.00
# Visual Studio Version 17
VisualStudioVersion = 17.2.32526.322
MinimumVisualStudioVersion = 10.0.40219.1
Project("{9A19103F-16F7-4668-BE54-9A1E7A4F7556}") = "MyEshop", "MyEshop.csproj", "{3AC38779-2BF0-442A-936F-87A303AFD6E6}"
EndProject
Project("{9A19103F-16F7-4668-BE54-9A1E7A4F7556}") = "Core", "..\Core\Core.csproj", "{7A8111FE-2CB0-49F6-B5A3-45FBA8AB961E}"
EndProject
Project("{9A19103F-16F7-4668-BE54-9A1E7A4F7556}") = "DataLayer", "..\DataLayer\DataLayer.csproj", "{27595C84-98C1-4F07-AC41-38CE2108096B}"
EndProject
Global
	GlobalSection(SolutionConfigurationPlatforms) = preSolution
		Debug|Any CPU = Debug|Any CPU
		Release|Any CPU = Release|Any CPU
	EndGlobalSection
	GlobalSection(ProjectConfigurationPlatforms) = postSolution
		{3AC38779-2BF0-442A-936F-87A303AFD6E6}.Debug|Any CPU.ActiveCfg = Debug|Any CPU
		{3AC38779-2BF0-442A-936F-87A303AFD6E6}.Debug|Any CPU.Build.0 = Debug|Any CPU
		{3AC38779-2BF0-442A-936F-87A303AFD6E6}.Release|Any CPU.ActiveCfg = Release|Any CPU
		{3AC38779-2BF0-442A-936F-87A303AFD6E6}.Release|Any CPU.Build.0 = Release|Any CPU
		{7A8111FE-2CB0-49F6-B5A3-45FBA8AB961E}.Debug|Any CPU.ActiveCfg = Debug|Any CPU
		{7A8111FE-2CB0-49F6-B5A3-45FBA8AB961E}.Debug|Any CPU.Build.0 = Debug|Any CPU
		{7A8111FE-2CB0-49F6-B5A3-45FBA8AB961E}.Release|Any CPU.ActiveCfg = Release|Any CPU
		{7A8111FE-2CB0-49F6-B5A3-45FBA8AB961E}.Release|Any CPU.Build.0 = Release|Any CPU
		{27595C84-98C1-4F07-AC41-38CE2108096B}.Debug|Any CPU.ActiveCfg = Debug|Any CPU
		{27595C84-98C1-4F07-AC41-38CE2108096B}.Debug|Any CPU.Build.0 = Debug|Any CPU
		{27595C84-98C1-4F07-AC41-38CE2108096B}.Release|Any CPU.ActiveCfg = Release|Any CPU
		{27595C84-98C1-4F07-AC41-38CE2108096B}.Release|Any CPU.Build.0 = Release|Any CPU
	EndGlobalSection
	GlobalSection(SolutionProperties) = preSolution
		HideSolutionNode = FALSE
	EndGlobalSection
	GlobalSection(ExtensibilityGlobals) = postSolution
		SolutionGuid = {41566E25-EAD9-42BB-A539-79BE65CEC2E2}
	EndGlobalSection
EndGlobal
